
Microsoft Visual Studio Solution File, Format Version 12.00
# Visual Studio 15
VisualStudioVersion = 15.0.28307.645
MinimumVisualStudioVersion = 10.0.40219.1
Project("{FAE04EC0-301F-11D3-BF4B-00C04F79EFBC}") = "WingtipToys", "WingtipToys\WingtipToys.csproj", "{17ED26D8-495E-4390-8ED0-07D2FE6DFB3D}"
EndProject
Global
	GlobalSection(SolutionConfigurationPlatforms) = preSolution
		Debug|Any CPU = Debug|Any CPU
		Release|Any CPU = Release|Any CPU
	EndGlobalSection
	GlobalSection(ProjectConfigurationPlatforms) = postSolution
		{17ED26D8-495E-4390-8ED0-07D2FE6DFB3D}.Debug|Any CPU.ActiveCfg = Debug|Any CPU
		{17ED26D8-495E-4390-8ED0-07D2FE6DFB3D}.Debug|Any CPU.Build.0 = Debug|Any CPU
		{17ED26D8-495E-4390-8ED0-07D2FE6DFB3D}.Release|Any CPU.ActiveCfg = Release|Any CPU
		{17ED26D8-495E-4390-8ED0-07D2FE6DFB3D}.Release|Any CPU.Build.0 = Release|Any CPU
	EndGlobalSection
	GlobalSection(SolutionProperties) = preSolution
		HideSolutionNode = FALSE
	EndGlobalSection
	GlobalSection(ExtensibilityGlobals) = postSolution
		SolutionGuid = {B7D328E4-4BDF-4DBE-927D-F73E9657B729}
	EndGlobalSection
EndGlobal
